
Microsoft Visual Studio Solution File, Format Version 12.00
# Visual Studio Version 17
VisualStudioVersion = 17.4.33122.133
MinimumVisualStudioVersion = 10.0.40219.1
Project("{FAE04EC0-301F-11D3-BF4B-00C04F79EFBC}") = "RadencyHomeTask1", "RadencyHomeTask1\RadencyHomeTask1.csproj", "{EA59AFA7-C12D-4F7A-AF72-E3DB6C566B03}"
EndProject
Project("{FAE04EC0-301F-11D3-BF4B-00C04F79EFBC}") = "Models", "Models\Models.csproj", "{37EB325D-58BB-4B59-882E-8DB65B24BFCB}"
EndProject
Project("{FAE04EC0-301F-11D3-BF4B-00C04F79EFBC}") = "Services", "Services\Services.csproj", "{9E6AA8CC-7AC4-407C-BF72-695B179821C5}"
EndProject
Global
	GlobalSection(SolutionConfigurationPlatforms) = preSolution
		Debug|Any CPU = Debug|Any CPU
		Release|Any CPU = Release|Any CPU
	EndGlobalSection
	GlobalSection(ProjectConfigurationPlatforms) = postSolution
		{EA59AFA7-C12D-4F7A-AF72-E3DB6C566B03}.Debug|Any CPU.ActiveCfg = Debug|Any CPU
		{EA59AFA7-C12D-4F7A-AF72-E3DB6C566B03}.Debug|Any CPU.Build.0 = Debug|Any CPU
		{EA59AFA7-C12D-4F7A-AF72-E3DB6C566B03}.Release|Any CPU.ActiveCfg = Release|Any CPU
		{EA59AFA7-C12D-4F7A-AF72-E3DB6C566B03}.Release|Any CPU.Build.0 = Release|Any CPU
		{37EB325D-58BB-4B59-882E-8DB65B24BFCB}.Debug|Any CPU.ActiveCfg = Debug|Any CPU
		{37EB325D-58BB-4B59-882E-8DB65B24BFCB}.Debug|Any CPU.Build.0 = Debug|Any CPU
		{37EB325D-58BB-4B59-882E-8DB65B24BFCB}.Release|Any CPU.ActiveCfg = Release|Any CPU
		{37EB325D-58BB-4B59-882E-8DB65B24BFCB}.Release|Any CPU.Build.0 = Release|Any CPU
		{9E6AA8CC-7AC4-407C-BF72-695B179821C5}.Debug|Any CPU.ActiveCfg = Debug|Any CPU
		{9E6AA8CC-7AC4-407C-BF72-695B179821C5}.Debug|Any CPU.Build.0 = Debug|Any CPU
		{9E6AA8CC-7AC4-407C-BF72-695B179821C5}.Release|Any CPU.ActiveCfg = Release|Any CPU
		{9E6AA8CC-7AC4-407C-BF72-695B179821C5}.Release|Any CPU.Build.0 = Release|Any CPU
	EndGlobalSection
	GlobalSection(SolutionProperties) = preSolution
		HideSolutionNode = FALSE
	EndGlobalSection
	GlobalSection(ExtensibilityGlobals) = postSolution
		SolutionGuid = {0695CED2-71A8-4253-B3F9-07D8AABC2A72}
	EndGlobalSection
EndGlobal
